
Microsoft Visual Studio Solution File, Format Version 12.00
# Visual Studio Version 16
VisualStudioVersion = 16.0.32002.261
MinimumVisualStudioVersion = 10.0.40219.1
Project("{FAE04EC0-301F-11D3-BF4B-00C04F79EFBC}") = "CounterStrike", "CounterStrike\CounterStrike.csproj", "{D2FA92ED-B32D-405D-9995-BB32A264226C}"
EndProject
Global
	GlobalSection(SolutionConfigurationPlatforms) = preSolution
		Debug|Any CPU = Debug|Any CPU
		Release|Any CPU = Release|Any CPU
	EndGlobalSection
	GlobalSection(ProjectConfigurationPlatforms) = postSolution
		{D2FA92ED-B32D-405D-9995-BB32A264226C}.Debug|Any CPU.ActiveCfg = Debug|Any CPU
		{D2FA92ED-B32D-405D-9995-BB32A264226C}.Debug|Any CPU.Build.0 = Debug|Any CPU
		{D2FA92ED-B32D-405D-9995-BB32A264226C}.Release|Any CPU.ActiveCfg = Release|Any CPU
		{D2FA92ED-B32D-405D-9995-BB32A264226C}.Release|Any CPU.Build.0 = Release|Any CPU
	EndGlobalSection
	GlobalSection(SolutionProperties) = preSolution
		HideSolutionNode = FALSE
	EndGlobalSection
	GlobalSection(ExtensibilityGlobals) = postSolution
		SolutionGuid = {41348456-AD8C-463E-A821-1A2AEE6A49D3}
	EndGlobalSection
EndGlobal
